
Microsoft Visual Studio Solution File, Format Version 12.00
# Visual Studio Version 16
VisualStudioVersion = 16.0.31729.503
MinimumVisualStudioVersion = 10.0.40219.1
Project("{9A19103F-16F7-4668-BE54-9A1E7A4F7556}") = "ClowlWebApp", "CLOwl_webapp\ClowlWebApp.csproj", "{96EFFAD5-E3C2-49C2-9F4A-7609D0128CEE}"
EndProject
Project("{9A19103F-16F7-4668-BE54-9A1E7A4F7556}") = "CLOwlUnitTests", "CLOwlUnitTests\CLOwlUnitTests.csproj", "{A476CA67-E4B4-4EE1-A1F7-03140C5D3D97}"
EndProject
Global
	GlobalSection(SolutionConfigurationPlatforms) = preSolution
		Debug|Any CPU = Debug|Any CPU
		Release|Any CPU = Release|Any CPU
	EndGlobalSection
	GlobalSection(ProjectConfigurationPlatforms) = postSolution
		{96EFFAD5-E3C2-49C2-9F4A-7609D0128CEE}.Debug|Any CPU.ActiveCfg = Debug|Any CPU
		{96EFFAD5-E3C2-49C2-9F4A-7609D0128CEE}.Debug|Any CPU.Build.0 = Debug|Any CPU
		{96EFFAD5-E3C2-49C2-9F4A-7609D0128CEE}.Release|Any CPU.ActiveCfg = Release|Any CPU
		{96EFFAD5-E3C2-49C2-9F4A-7609D0128CEE}.Release|Any CPU.Build.0 = Release|Any CPU
		{A476CA67-E4B4-4EE1-A1F7-03140C5D3D97}.Debug|Any CPU.ActiveCfg = Debug|Any CPU
		{A476CA67-E4B4-4EE1-A1F7-03140C5D3D97}.Debug|Any CPU.Build.0 = Debug|Any CPU
		{A476CA67-E4B4-4EE1-A1F7-03140C5D3D97}.Release|Any CPU.ActiveCfg = Release|Any CPU
		{A476CA67-E4B4-4EE1-A1F7-03140C5D3D97}.Release|Any CPU.Build.0 = Release|Any CPU
	EndGlobalSection
	GlobalSection(SolutionProperties) = preSolution
		HideSolutionNode = FALSE
	EndGlobalSection
	GlobalSection(ExtensibilityGlobals) = postSolution
		SolutionGuid = {1136B2B0-8F67-4471-810D-CF94ADBC522F}
	EndGlobalSection
EndGlobal
